
Microsoft Visual Studio Solution File, Format Version 12.00
# Visual Studio Version 16
VisualStudioVersion = 16.0.28922.388
MinimumVisualStudioVersion = 10.0.40219.1
Project("{2150E333-8FDC-42A3-9474-1A3956D46DE8}") = "Core", "Core", "{C13934A9-F97E-4A7E-BBB6-98077CE3989C}"
EndProject
Project("{2150E333-8FDC-42A3-9474-1A3956D46DE8}") = "Unity", "Unity", "{F0D33F12-8B34-48F1-8EB1-F0BA6D2BDC97}"
EndProject
Project("{2150E333-8FDC-42A3-9474-1A3956D46DE8}") = "Tools", "Tools", "{1AFC37C3-2A15-42D5-B01E-3B04313A857F}"
EndProject
Project("{FAE04EC0-301F-11D3-BF4B-00C04F79EFBC}") = "Aquaivy.Core", "Core\Aquaivy.Core\Aquaivy.Core.csproj", "{D18FC391-9203-4B3A-9896-A1316C30B12B}"
EndProject
Project("{FAE04EC0-301F-11D3-BF4B-00C04F79EFBC}") = "Aquaivy.Cryptography", "Core\Aquaivy.Cryptography\Aquaivy.Cryptography.csproj", "{B9D8E3B3-6E09-4720-B647-1386818D181D}"
EndProject
Project("{FAE04EC0-301F-11D3-BF4B-00C04F79EFBC}") = "Aquaivy.Unity", "Unity\Aquaivy.Unity\Aquaivy.Unity.csproj", "{389F64A1-65DB-44BA-BF73-3CFA56AA1010}"
EndProject
Project("{FAE04EC0-301F-11D3-BF4B-00C04F79EFBC}") = "Aquaivy.Unity.Editor", "Unity\Aquaivy.Unity.Editor\Aquaivy.Unity.Editor.csproj", "{849D0AE3-8617-414B-AB1A-E373F9DD7F81}"
EndProject
Project("{FAE04EC0-301F-11D3-BF4B-00C04F79EFBC}") = "Aquaivy.Unity.UI", "Unity\Aquaivy.Unity.UI\Aquaivy.Unity.UI.csproj", "{C2644014-E59C-45D1-B673-BB6A1BF7ACD9}"
EndProject
Project("{FAE04EC0-301F-11D3-BF4B-00C04F79EFBC}") = "RestSharp", "Core\RestSharp\RestSharp.csproj", "{D512B7F9-4D8C-41C2-B811-C0C26A6600F5}"
EndProject
Project("{FAE04EC0-301F-11D3-BF4B-00C04F79EFBC}") = "VersionTools", "Tools\VersionTools\VersionTools.csproj", "{7C95814D-BDF6-437D-B351-B957DB305D49}"
EndProject
Project("{FAE04EC0-301F-11D3-BF4B-00C04F79EFBC}") = "Aquaivy.SearchEngine", "Core\Aquaivy.SearchEngine\Aquaivy.SearchEngine.csproj", "{87AD046C-F3D6-4C68-8889-3A2C6326777F}"
EndProject
Project("{9A19103F-16F7-4668-BE54-9A1E7A4F7556}") = "Aquaivy.Pinyin", "Core\Aquaivy.Pinyin\Aquaivy.Pinyin.csproj", "{F5EB82C5-30A8-4D5A-A8D4-24D61D733926}"
EndProject
Project("{FAE04EC0-301F-11D3-BF4B-00C04F79EFBC}") = "UnitTestConsole", "Core\UnitTest\UnitTestConsole\UnitTestConsole.csproj", "{EA704A05-D016-487F-8F93-F7416EAD3359}"
EndProject
Project("{9A19103F-16F7-4668-BE54-9A1E7A4F7556}") = "UnitTestMSTest", "Core\UnitTest\UnitTestMSTest\UnitTestMSTest.csproj", "{0E9D8564-3727-472E-9BB1-9407B03B4995}"
EndProject
Project("{FAE04EC0-301F-11D3-BF4B-00C04F79EFBC}") = "Assembly-CSharp", "UnityForAquaivy\Assembly-CSharp.csproj", "{2617F365-0A26-4EED-3AC3-80E72894BCA2}"
EndProject
Global
	GlobalSection(SolutionConfigurationPlatforms) = preSolution
		Debug|Any CPU = Debug|Any CPU
		Release|Any CPU = Release|Any CPU
	EndGlobalSection
	GlobalSection(ProjectConfigurationPlatforms) = postSolution
		{D18FC391-9203-4B3A-9896-A1316C30B12B}.Debug|Any CPU.ActiveCfg = Debug|Any CPU
		{D18FC391-9203-4B3A-9896-A1316C30B12B}.Debug|Any CPU.Build.0 = Debug|Any CPU
		{D18FC391-9203-4B3A-9896-A1316C30B12B}.Release|Any CPU.ActiveCfg = Release|Any CPU
		{D18FC391-9203-4B3A-9896-A1316C30B12B}.Release|Any CPU.Build.0 = Release|Any CPU
		{B9D8E3B3-6E09-4720-B647-1386818D181D}.Debug|Any CPU.ActiveCfg = Debug|Any CPU
		{B9D8E3B3-6E09-4720-B647-1386818D181D}.Debug|Any CPU.Build.0 = Debug|Any CPU
		{B9D8E3B3-6E09-4720-B647-1386818D181D}.Release|Any CPU.ActiveCfg = Release|Any CPU
		{B9D8E3B3-6E09-4720-B647-1386818D181D}.Release|Any CPU.Build.0 = Release|Any CPU
		{389F64A1-65DB-44BA-BF73-3CFA56AA1010}.Debug|Any CPU.ActiveCfg = Debug|Any CPU
		{389F64A1-65DB-44BA-BF73-3CFA56AA1010}.Debug|Any CPU.Build.0 = Debug|Any CPU
		{389F64A1-65DB-44BA-BF73-3CFA56AA1010}.Release|Any CPU.ActiveCfg = Release|Any CPU
		{389F64A1-65DB-44BA-BF73-3CFA56AA1010}.Release|Any CPU.Build.0 = Release|Any CPU
		{849D0AE3-8617-414B-AB1A-E373F9DD7F81}.Debug|Any CPU.ActiveCfg = Debug|Any CPU
		{849D0AE3-8617-414B-AB1A-E373F9DD7F81}.Debug|Any CPU.Build.0 = Debug|Any CPU
		{849D0AE3-8617-414B-AB1A-E373F9DD7F81}.Release|Any CPU.ActiveCfg = Release|Any CPU
		{849D0AE3-8617-414B-AB1A-E373F9DD7F81}.Release|Any CPU.Build.0 = Release|Any CPU
		{C2644014-E59C-45D1-B673-BB6A1BF7ACD9}.Debug|Any CPU.ActiveCfg = Debug|Any CPU
		{C2644014-E59C-45D1-B673-BB6A1BF7ACD9}.Debug|Any CPU.Build.0 = Debug|Any CPU
		{C2644014-E59C-45D1-B673-BB6A1BF7ACD9}.Release|Any CPU.ActiveCfg = Release|Any CPU
		{C2644014-E59C-45D1-B673-BB6A1BF7ACD9}.Release|Any CPU.Build.0 = Release|Any CPU
		{D512B7F9-4D8C-41C2-B811-C0C26A6600F5}.Debug|Any CPU.ActiveCfg = Debug|Any CPU
		{D512B7F9-4D8C-41C2-B811-C0C26A6600F5}.Debug|Any CPU.Build.0 = Debug|Any CPU
		{D512B7F9-4D8C-41C2-B811-C0C26A6600F5}.Release|Any CPU.ActiveCfg = Release|Any CPU
		{D512B7F9-4D8C-41C2-B811-C0C26A6600F5}.Release|Any CPU.Build.0 = Release|Any CPU
		{7C95814D-BDF6-437D-B351-B957DB305D49}.Debug|Any CPU.ActiveCfg = Debug|Any CPU
		{7C95814D-BDF6-437D-B351-B957DB305D49}.Debug|Any CPU.Build.0 = Debug|Any CPU
		{7C95814D-BDF6-437D-B351-B957DB305D49}.Release|Any CPU.ActiveCfg = Release|Any CPU
		{7C95814D-BDF6-437D-B351-B957DB305D49}.Release|Any CPU.Build.0 = Release|Any CPU
		{87AD046C-F3D6-4C68-8889-3A2C6326777F}.Debug|Any CPU.ActiveCfg = Debug|Any CPU
		{87AD046C-F3D6-4C68-8889-3A2C6326777F}.Debug|Any CPU.Build.0 = Debug|Any CPU
		{87AD046C-F3D6-4C68-8889-3A2C6326777F}.Release|Any CPU.ActiveCfg = Release|Any CPU
		{87AD046C-F3D6-4C68-8889-3A2C6326777F}.Release|Any CPU.Build.0 = Release|Any CPU
		{F5EB82C5-30A8-4D5A-A8D4-24D61D733926}.Debug|Any CPU.ActiveCfg = Debug|Any CPU
		{F5EB82C5-30A8-4D5A-A8D4-24D61D733926}.Debug|Any CPU.Build.0 = Debug|Any CPU
		{F5EB82C5-30A8-4D5A-A8D4-24D61D733926}.Release|Any CPU.ActiveCfg = Release|Any CPU
		{F5EB82C5-30A8-4D5A-A8D4-24D61D733926}.Release|Any CPU.Build.0 = Release|Any CPU
		{EA704A05-D016-487F-8F93-F7416EAD3359}.Debug|Any CPU.ActiveCfg = Debug|Any CPU
		{EA704A05-D016-487F-8F93-F7416EAD3359}.Debug|Any CPU.Build.0 = Debug|Any CPU
		{EA704A05-D016-487F-8F93-F7416EAD3359}.Release|Any CPU.ActiveCfg = Release|Any CPU
		{EA704A05-D016-487F-8F93-F7416EAD3359}.Release|Any CPU.Build.0 = Release|Any CPU
		{0E9D8564-3727-472E-9BB1-9407B03B4995}.Debug|Any CPU.ActiveCfg = Debug|Any CPU
		{0E9D8564-3727-472E-9BB1-9407B03B4995}.Debug|Any CPU.Build.0 = Debug|Any CPU
		{0E9D8564-3727-472E-9BB1-9407B03B4995}.Release|Any CPU.ActiveCfg = Release|Any CPU
		{0E9D8564-3727-472E-9BB1-9407B03B4995}.Release|Any CPU.Build.0 = Release|Any CPU
		{2617F365-0A26-4EED-3AC3-80E72894BCA2}.Debug|Any CPU.ActiveCfg = Debug|Any CPU
		{2617F365-0A26-4EED-3AC3-80E72894BCA2}.Debug|Any CPU.Build.0 = Debug|Any CPU
		{2617F365-0A26-4EED-3AC3-80E72894BCA2}.Release|Any CPU.ActiveCfg = Release|Any CPU
		{2617F365-0A26-4EED-3AC3-80E72894BCA2}.Release|Any CPU.Build.0 = Release|Any CPU
	EndGlobalSection
	GlobalSection(SolutionProperties) = preSolution
		HideSolutionNode = FALSE
	EndGlobalSection
	GlobalSection(NestedProjects) = preSolution
		{D18FC391-9203-4B3A-9896-A1316C30B12B} = {C13934A9-F97E-4A7E-BBB6-98077CE3989C}
		{B9D8E3B3-6E09-4720-B647-1386818D181D} = {C13934A9-F97E-4A7E-BBB6-98077CE3989C}
		{389F64A1-65DB-44BA-BF73-3CFA56AA1010} = {F0D33F12-8B34-48F1-8EB1-F0BA6D2BDC97}
		{849D0AE3-8617-414B-AB1A-E373F9DD7F81} = {F0D33F12-8B34-48F1-8EB1-F0BA6D2BDC97}
		{C2644014-E59C-45D1-B673-BB6A1BF7ACD9} = {F0D33F12-8B34-48F1-8EB1-F0BA6D2BDC97}
		{D512B7F9-4D8C-41C2-B811-C0C26A6600F5} = {C13934A9-F97E-4A7E-BBB6-98077CE3989C}
		{7C95814D-BDF6-437D-B351-B957DB305D49} = {1AFC37C3-2A15-42D5-B01E-3B04313A857F}
		{87AD046C-F3D6-4C68-8889-3A2C6326777F} = {C13934A9-F97E-4A7E-BBB6-98077CE3989C}
		{F5EB82C5-30A8-4D5A-A8D4-24D61D733926} = {C13934A9-F97E-4A7E-BBB6-98077CE3989C}
		{EA704A05-D016-487F-8F93-F7416EAD3359} = {C13934A9-F97E-4A7E-BBB6-98077CE3989C}
		{0E9D8564-3727-472E-9BB1-9407B03B4995} = {C13934A9-F97E-4A7E-BBB6-98077CE3989C}
		{2617F365-0A26-4EED-3AC3-80E72894BCA2} = {F0D33F12-8B34-48F1-8EB1-F0BA6D2BDC97}
	EndGlobalSection
	GlobalSection(ExtensibilityGlobals) = postSolution
		SolutionGuid = {E9EB0FAE-681B-4BDB-BA30-30B227050D04}
	EndGlobalSection
EndGlobal
